// !$*UTF8*$!
{
	archiveVersion = 1;
	classes = {
	};
	objectVersion = 56;
	objects = {

/* Begin PBXBuildFile section */
		1152EA74296D807C007EEA5F /* RegisterModel.swift in Sources */ = {isa = PBXBuildFile; fileRef = 1152EA73296D807C007EEA5F /* RegisterModel.swift */; };
		11873C59295DEF1F00AF96F3 /* KMScommunityApp.swift in Sources */ = {isa = PBXBuildFile; fileRef = 11873C58295DEF1F00AF96F3 /* KMScommunityApp.swift */; };
		11873C5B295DEF1F00AF96F3 /* RegisterView.swift in Sources */ = {isa = PBXBuildFile; fileRef = 11873C5A295DEF1F00AF96F3 /* RegisterView.swift */; };
		11873C5D295DEF2100AF96F3 /* Assets.xcassets in Resources */ = {isa = PBXBuildFile; fileRef = 11873C5C295DEF2100AF96F3 /* Assets.xcassets */; };
		11873C60295DEF2100AF96F3 /* Preview Assets.xcassets in Resources */ = {isa = PBXBuildFile; fileRef = 11873C5F295DEF2100AF96F3 /* Preview Assets.xcassets */; };
		11873C69295DF8A300AF96F3 /* request.swift in Sources */ = {isa = PBXBuildFile; fileRef = 11873C68295DF8A300AF96F3 /* request.swift */; };
		11873C71296199B900AF96F3 /* LoginView.swift in Sources */ = {isa = PBXBuildFile; fileRef = 11873C70296199B900AF96F3 /* LoginView.swift */; };
		11873C752962BA1400AF96F3 /* MainView.swift in Sources */ = {isa = PBXBuildFile; fileRef = 11873C742962BA1400AF96F3 /* MainView.swift */; };
		11873C782962BB3100AF96F3 /* BoardView.swift in Sources */ = {isa = PBXBuildFile; fileRef = 11873C772962BB3100AF96F3 /* BoardView.swift */; };
		11873C7A2962C84200AF96F3 /* BoardCardView.swift in Sources */ = {isa = PBXBuildFile; fileRef = 11873C792962C84200AF96F3 /* BoardCardView.swift */; };
		11873C7C2962E6DA00AF96F3 /* BoardDetailView.swift in Sources */ = {isa = PBXBuildFile; fileRef = 11873C7B2962E6DA00AF96F3 /* BoardDetailView.swift */; };
		11873C84296594CC00AF96F3 /* BoardViewModel.swift in Sources */ = {isa = PBXBuildFile; fileRef = 11873C83296594CC00AF96F3 /* BoardViewModel.swift */; };
		11873C8629668F5600AF96F3 /* BoardCreateView.swift in Sources */ = {isa = PBXBuildFile; fileRef = 11873C8529668F5600AF96F3 /* BoardCreateView.swift */; };
		11873C882966B28700AF96F3 /* CommentCardView.swift in Sources */ = {isa = PBXBuildFile; fileRef = 11873C872966B28700AF96F3 /* CommentCardView.swift */; };
/* End PBXBuildFile section */

/* Begin PBXFileReference section */
		1152EA73296D807C007EEA5F /* RegisterModel.swift */ = {isa = PBXFileReference; lastKnownFileType = sourcecode.swift; path = RegisterModel.swift; sourceTree = "<group>"; };
		11873C55295DEF1F00AF96F3 /* KMScommunity.app */ = {isa = PBXFileReference; explicitFileType = wrapper.application; includeInIndex = 0; path = KMScommunity.app; sourceTree = BUILT_PRODUCTS_DIR; };
		11873C58295DEF1F00AF96F3 /* KMScommunityApp.swift */ = {isa = PBXFileReference; lastKnownFileType = sourcecode.swift; path = KMScommunityApp.swift; sourceTree = "<group>"; };
		11873C5A295DEF1F00AF96F3 /* RegisterView.swift */ = {isa = PBXFileReference; lastKnownFileType = sourcecode.swift; path = RegisterView.swift; sourceTree = "<group>"; };
		11873C5C295DEF2100AF96F3 /* Assets.xcassets */ = {isa = PBXFileReference; lastKnownFileType = folder.assetcatalog; path = Assets.xcassets; sourceTree = "<group>"; };
		11873C5F295DEF2100AF96F3 /* Preview Assets.xcassets */ = {isa = PBXFileReference; lastKnownFileType = folder.assetcatalog; path = "Preview Assets.xcassets"; sourceTree = "<group>"; };
		11873C68295DF8A300AF96F3 /* request.swift */ = {isa = PBXFileReference; lastKnownFileType = sourcecode.swift; path = request.swift; sourceTree = "<group>"; };
		11873C70296199B900AF96F3 /* LoginView.swift */ = {isa = PBXFileReference; lastKnownFileType = sourcecode.swift; path = LoginView.swift; sourceTree = "<group>"; };
		11873C742962BA1400AF96F3 /* MainView.swift */ = {isa = PBXFileReference; lastKnownFileType = sourcecode.swift; path = MainView.swift; sourceTree = "<group>"; };
		11873C772962BB3100AF96F3 /* BoardView.swift */ = {isa = PBXFileReference; lastKnownFileType = sourcecode.swift; path = BoardView.swift; sourceTree = "<group>"; };
		11873C792962C84200AF96F3 /* BoardCardView.swift */ = {isa = PBXFileReference; lastKnownFileType = sourcecode.swift; path = BoardCardView.swift; sourceTree = "<group>"; };
		11873C7B2962E6DA00AF96F3 /* BoardDetailView.swift */ = {isa = PBXFileReference; lastKnownFileType = sourcecode.swift; path = BoardDetailView.swift; sourceTree = "<group>"; };
		11873C83296594CC00AF96F3 /* BoardViewModel.swift */ = {isa = PBXFileReference; lastKnownFileType = sourcecode.swift; path = BoardViewModel.swift; sourceTree = "<group>"; };
		11873C8529668F5600AF96F3 /* BoardCreateView.swift */ = {isa = PBXFileReference; lastKnownFileType = sourcecode.swift; path = BoardCreateView.swift; sourceTree = "<group>"; };
		11873C872966B28700AF96F3 /* CommentCardView.swift */ = {isa = PBXFileReference; lastKnownFileType = sourcecode.swift; path = CommentCardView.swift; sourceTree = "<group>"; };
/* End PBXFileReference section */

/* Begin PBXFrameworksBuildPhase section */
		11873C52295DEF1F00AF96F3 /* Frameworks */ = {
			isa = PBXFrameworksBuildPhase;
			buildActionMask = 2147483647;
			files = (
			);
			runOnlyForDeploymentPostprocessing = 0;
		};
/* End PBXFrameworksBuildPhase section */

/* Begin PBXGroup section */
		11873C4C295DEF1F00AF96F3 = {
			isa = PBXGroup;
			children = (
				11873C57295DEF1F00AF96F3 /* KMScommunity */,
				11873C56295DEF1F00AF96F3 /* Products */,
			);
			sourceTree = "<group>";
		};
		11873C56295DEF1F00AF96F3 /* Products */ = {
			isa = PBXGroup;
			children = (
				11873C55295DEF1F00AF96F3 /* KMScommunity.app */,
			);
			name = Products;
			sourceTree = "<group>";
		};
		11873C57295DEF1F00AF96F3 /* KMScommunity */ = {
			isa = PBXGroup;
			children = (
				11873C82296594BE00AF96F3 /* ViewModels */,
				11873C7F29658C2300AF96F3 /* Models */,
				11873C762962BB0C00AF96F3 /* Views */,
				11873C58295DEF1F00AF96F3 /* KMScommunityApp.swift */,
				11873C5C295DEF2100AF96F3 /* Assets.xcassets */,
				11873C5E295DEF2100AF96F3 /* Preview Content */,
				11873C68295DF8A300AF96F3 /* request.swift */,
			);
			path = KMScommunity;
			sourceTree = "<group>";
		};
		11873C5E295DEF2100AF96F3 /* Preview Content */ = {
			isa = PBXGroup;
			children = (
				11873C5F295DEF2100AF96F3 /* Preview Assets.xcassets */,
			);
			path = "Preview Content";
			sourceTree = "<group>";
		};
		11873C762962BB0C00AF96F3 /* Views */ = {
			isa = PBXGroup;
			children = (
				11873C5A295DEF1F00AF96F3 /* RegisterView.swift */,
				11873C70296199B900AF96F3 /* LoginView.swift */,
				11873C742962BA1400AF96F3 /* MainView.swift */,
				11873C772962BB3100AF96F3 /* BoardView.swift */,
				11873C792962C84200AF96F3 /* BoardCardView.swift */,
				11873C7B2962E6DA00AF96F3 /* BoardDetailView.swift */,
				11873C8529668F5600AF96F3 /* BoardCreateView.swift */,
				11873C872966B28700AF96F3 /* CommentCardView.swift */,
			);
			path = Views;
			sourceTree = "<group>";
		};
		11873C7F29658C2300AF96F3 /* Models */ = {
			isa = PBXGroup;
			children = (
				1152EA73296D807C007EEA5F /* RegisterModel.swift */,
			);
			path = Models;
			sourceTree = "<group>";
		};
		11873C82296594BE00AF96F3 /* ViewModels */ = {
			isa = PBXGroup;
			children = (
				11873C83296594CC00AF96F3 /* BoardViewModel.swift */,
			);
			path = ViewModels;
			sourceTree = "<group>";
		};
/* End PBXGroup section */

/* Begin PBXNativeTarget section */
		11873C54295DEF1F00AF96F3 /* KMScommunity */ = {
			isa = PBXNativeTarget;
			buildConfigurationList = 11873C63295DEF2100AF96F3 /* Build configuration list for PBXNativeTarget "KMScommunity" */;
			buildPhases = (
				11873C51295DEF1F00AF96F3 /* Sources */,
				11873C52295DEF1F00AF96F3 /* Frameworks */,
				11873C53295DEF1F00AF96F3 /* Resources */,
			);
			buildRules = (
			);
			dependencies = (
			);
			name = KMScommunity;
			productName = KMScommunity;
			productReference = 11873C55295DEF1F00AF96F3 /* KMScommunity.app */;
			productType = "com.apple.product-type.application";
		};
/* End PBXNativeTarget section */

/* Begin PBXProject section */
		11873C4D295DEF1F00AF96F3 /* Project object */ = {
			isa = PBXProject;
			attributes = {
				BuildIndependentTargetsInParallel = 1;
				LastSwiftUpdateCheck = 1420;
				LastUpgradeCheck = 1420;
				TargetAttributes = {
					11873C54295DEF1F00AF96F3 = {
						CreatedOnToolsVersion = 14.2;
					};
				};
			};
			buildConfigurationList = 11873C50295DEF1F00AF96F3 /* Build configuration list for PBXProject "KMScommunity" */;
			compatibilityVersion = "Xcode 14.0";
			developmentRegion = en;
			hasScannedForEncodings = 0;
			knownRegions = (
				en,
				Base,
			);
			mainGroup = 11873C4C295DEF1F00AF96F3;
			productRefGroup = 11873C56295DEF1F00AF96F3 /* Products */;
			projectDirPath = "";
			projectRoot = "";
			targets = (
				11873C54295DEF1F00AF96F3 /* KMScommunity */,
			);
		};
/* End PBXProject section */

/* Begin PBXResourcesBuildPhase section */
		11873C53295DEF1F00AF96F3 /* Resources */ = {
			isa = PBXResourcesBuildPhase;
			buildActionMask = 2147483647;
			files = (
				11873C60295DEF2100AF96F3 /* Preview Assets.xcassets in Resources */,
				11873C5D295DEF2100AF96F3 /* Assets.xcassets in Resources */,
			);
			runOnlyForDeploymentPostprocessing = 0;
		};
/* End PBXResourcesBuildPhase section */

/* Begin PBXSourcesBuildPhase section */
		11873C51295DEF1F00AF96F3 /* Sources */ = {
			isa = PBXSourcesBuildPhase;
			buildActionMask = 2147483647;
			files = (
				11873C882966B28700AF96F3 /* CommentCardView.swift in Sources */,
				11873C69295DF8A300AF96F3 /* request.swift in Sources */,
				11873C8629668F5600AF96F3 /* BoardCreateView.swift in Sources */,
				11873C7A2962C84200AF96F3 /* BoardCardView.swift in Sources */,
				11873C5B295DEF1F00AF96F3 /* RegisterView.swift in Sources */,
				11873C71296199B900AF96F3 /* LoginView.swift in Sources */,
				11873C782962BB3100AF96F3 /* BoardView.swift in Sources */,
				11873C84296594CC00AF96F3 /* BoardViewModel.swift in Sources */,
				1152EA74296D807C007EEA5F /* RegisterModel.swift in Sources */,
				11873C752962BA1400AF96F3 /* MainView.swift in Sources */,
				11873C7C2962E6DA00AF96F3 /* BoardDetailView.swift in Sources */,
				11873C59295DEF1F00AF96F3 /* KMScommunityApp.swift in Sources */,
			);
			runOnlyForDeploymentPostprocessing = 0;
		};
/* End PBXSourcesBuildPhase section */

/* Begin XCBuildConfiguration section */
		11873C61295DEF2100AF96F3 /* Debug */ = {
			isa = XCBuildConfiguration;
			buildSettings = {
				ALWAYS_SEARCH_USER_PATHS = NO;
				CLANG_ANALYZER_NONNULL = YES;
				CLANG_ANALYZER_NUMBER_OBJECT_CONVERSION = YES_AGGRESSIVE;
				CLANG_CXX_LANGUAGE_STANDARD = "gnu++20";
				CLANG_ENABLE_MODULES = YES;
				CLANG_ENABLE_OBJC_ARC = YES;
				CLANG_ENABLE_OBJC_WEAK = YES;
				CLANG_WARN_BLOCK_CAPTURE_AUTORELEASING = YES;
				CLANG_WARN_BOOL_CONVERSION = YES;
				CLANG_WARN_COMMA = YES;
				CLANG_WARN_CONSTANT_CONVERSION = YES;
				CLANG_WARN_DEPRECATED_OBJC_IMPLEMENTATIONS = YES;
				CLANG_WARN_DIRECT_OBJC_ISA_USAGE = YES_ERROR;
				CLANG_WARN_DOCUMENTATION_COMMENTS = YES;
				CLANG_WARN_EMPTY_BODY = YES;
				CLANG_WARN_ENUM_CONVERSION = YES;
				CLANG_WARN_INFINITE_RECURSION = YES;
				CLANG_WARN_INT_CONVERSION = YES;
				CLANG_WARN_NON_LITERAL_NULL_CONVERSION = YES;
				CLANG_WARN_OBJC_IMPLICIT_RETAIN_SELF = YES;
				CLANG_WARN_OBJC_LITERAL_CONVERSION = YES;
				CLANG_WARN_OBJC_ROOT_CLASS = YES_ERROR;
				CLANG_WARN_QUOTED_INCLUDE_IN_FRAMEWORK_HEADER = YES;
				CLANG_WARN_RANGE_LOOP_ANALYSIS = YES;
				CLANG_WARN_STRICT_PROTOTYPES = YES;
				CLANG_WARN_SUSPICIOUS_MOVE = YES;
				CLANG_WARN_UNGUARDED_AVAILABILITY = YES_AGGRESSIVE;
				CLANG_WARN_UNREACHABLE_CODE = YES;
				CLANG_WARN__DUPLICATE_METHOD_MATCH = YES;
				COPY_PHASE_STRIP = NO;
				DEBUG_INFORMATION_FORMAT = dwarf;
				ENABLE_STRICT_OBJC_MSGSEND = YES;
				ENABLE_TESTABILITY = YES;
				GCC_C_LANGUAGE_STANDARD = gnu11;
				GCC_DYNAMIC_NO_PIC = NO;
				GCC_NO_COMMON_BLOCKS = YES;
				GCC_OPTIMIZATION_LEVEL = 0;
				GCC_PREPROCESSOR_DEFINITIONS = (
					"DEBUG=1",
					"$(inherited)",
				);
				GCC_WARN_64_TO_32_BIT_CONVERSION = YES;
				GCC_WARN_ABOUT_RETURN_TYPE = YES_ERROR;
				GCC_WARN_UNDECLARED_SELECTOR = YES;
				GCC_WARN_UNINITIALIZED_AUTOS = YES_AGGRESSIVE;
				GCC_WARN_UNUSED_FUNCTION = YES;
				GCC_WARN_UNUSED_VARIABLE = YES;
				IPHONEOS_DEPLOYMENT_TARGET = 16.2;
				MTL_ENABLE_DEBUG_INFO = INCLUDE_SOURCE;
				MTL_FAST_MATH = YES;
				ONLY_ACTIVE_ARCH = YES;
				SDKROOT = iphoneos;
				SWIFT_ACTIVE_COMPILATION_CONDITIONS = DEBUG;
				SWIFT_OPTIMIZATION_LEVEL = "-Onone";
			};
			name = Debug;
		};
		11873C62295DEF2100AF96F3 /* Release */ = {
			isa = XCBuildConfiguration;
			buildSettings = {
				ALWAYS_SEARCH_USER_PATHS = NO;
				CLANG_ANALYZER_NONNULL = YES;
				CLANG_ANALYZER_NUMBER_OBJECT_CONVERSION = YES_AGGRESSIVE;
				CLANG_CXX_LANGUAGE_STANDARD = "gnu++20";
				CLANG_ENABLE_MODULES = YES;
				CLANG_ENABLE_OBJC_ARC = YES;
				CLANG_ENABLE_OBJC_WEAK = YES;
				CLANG_WARN_BLOCK_CAPTURE_AUTORELEASING = YES;
				CLANG_WARN_BOOL_CONVERSION = YES;
				CLANG_WARN_COMMA = YES;
				CLANG_WARN_CONSTANT_CONVERSION = YES;
				CLANG_WARN_DEPRECATED_OBJC_IMPLEMENTATIONS = YES;
				CLANG_WARN_DIRECT_OBJC_ISA_USAGE = YES_ERROR;
				CLANG_WARN_DOCUMENTATION_COMMENTS = YES;
				CLANG_WARN_EMPTY_BODY = YES;
				CLANG_WARN_ENUM_CONVERSION = YES;
				CLANG_WARN_INFINITE_RECURSION = YES;
				CLANG_WARN_INT_CONVERSION = YES;
				CLANG_WARN_NON_LITERAL_NULL_CONVERSION = YES;
				CLANG_WARN_OBJC_IMPLICIT_RETAIN_SELF = YES;
				CLANG_WARN_OBJC_LITERAL_CONVERSION = YES;
				CLANG_WARN_OBJC_ROOT_CLASS = YES_ERROR;
				CLANG_WARN_QUOTED_INCLUDE_IN_FRAMEWORK_HEADER = YES;
				CLANG_WARN_RANGE_LOOP_ANALYSIS = YES;
				CLANG_WARN_STRICT_PROTOTYPES = YES;
				CLANG_WARN_SUSPICIOUS_MOVE = YES;
				CLANG_WARN_UNGUARDED_AVAILABILITY = YES_AGGRESSIVE;
				CLANG_WARN_UNREACHABLE_CODE = YES;
				CLANG_WARN__DUPLICATE_METHOD_MATCH = YES;
				COPY_PHASE_STRIP = NO;
				DEBUG_INFORMATION_FORMAT = "dwarf-with-dsym";
				ENABLE_NS_ASSERTIONS = NO;
				ENABLE_STRICT_OBJC_MSGSEND = YES;
				GCC_C_LANGUAGE_STANDARD = gnu11;
				GCC_NO_COMMON_BLOCKS = YES;
				GCC_WARN_64_TO_32_BIT_CONVERSION = YES;
				GCC_WARN_ABOUT_RETURN_TYPE = YES_ERROR;
				GCC_WARN_UNDECLARED_SELECTOR = YES;
				GCC_WARN_UNINITIALIZED_AUTOS = YES_AGGRESSIVE;
				GCC_WARN_UNUSED_FUNCTION = YES;
				GCC_WARN_UNUSED_VARIABLE = YES;
				IPHONEOS_DEPLOYMENT_TARGET = 16.2;
				MTL_ENABLE_DEBUG_INFO = NO;
				MTL_FAST_MATH = YES;
				SDKROOT = iphoneos;
				SWIFT_COMPILATION_MODE = wholemodule;
				SWIFT_OPTIMIZATION_LEVEL = "-O";
				VALIDATE_PRODUCT = YES;
			};
			name = Release;
		};
		11873C64295DEF2100AF96F3 /* Debug */ = {
			isa = XCBuildConfiguration;
			buildSettings = {
				ASSETCATALOG_COMPILER_APPICON_NAME = AppIcon;
				ASSETCATALOG_COMPILER_GLOBAL_ACCENT_COLOR_NAME = AccentColor;
				CODE_SIGN_STYLE = Automatic;
				CURRENT_PROJECT_VERSION = 1;
				DEVELOPMENT_ASSET_PATHS = "\"KMScommunity/Preview Content\"";
				DEVELOPMENT_TEAM = 232HJ77G89;
				ENABLE_PREVIEWS = YES;
				GENERATE_INFOPLIST_FILE = YES;
				INFOPLIST_KEY_UIApplicationSceneManifest_Generation = YES;
				INFOPLIST_KEY_UIApplicationSupportsIndirectInputEvents = YES;
				INFOPLIST_KEY_UILaunchScreen_Generation = YES;
				INFOPLIST_KEY_UISupportedInterfaceOrientations_iPad = "UIInterfaceOrientationPortrait UIInterfaceOrientationPortraitUpsideDown UIInterfaceOrientationLandscapeLeft UIInterfaceOrientationLandscapeRight";
				INFOPLIST_KEY_UISupportedInterfaceOrientations_iPhone = "UIInterfaceOrientationPortrait UIInterfaceOrientationLandscapeLeft UIInterfaceOrientationLandscapeRight";
				LD_RUNPATH_SEARCH_PATHS = (
					"$(inherited)",
					"@executable_path/Frameworks",
				);
				MARKETING_VERSION = 1.0;
				PRODUCT_BUNDLE_IDENTIFIER = TeamKMS.KMScommunity;
				PRODUCT_NAME = "$(TARGET_NAME)";
				SWIFT_EMIT_LOC_STRINGS = YES;
				SWIFT_VERSION = 5.0;
				TARGETED_DEVICE_FAMILY = "1,2";
			};
			name = Debug;
		};
		11873C65295DEF2100AF96F3 /* Release */ = {
			isa = XCBuildConfiguration;
			buildSettings = {
				ASSETCATALOG_COMPILER_APPICON_NAME = AppIcon;
				ASSETCATALOG_COMPILER_GLOBAL_ACCENT_COLOR_NAME = AccentColor;
				CODE_SIGN_STYLE = Automatic;
				CURRENT_PROJECT_VERSION = 1;
				DEVELOPMENT_ASSET_PATHS = "\"KMScommunity/Preview Content\"";
				DEVELOPMENT_TEAM = 232HJ77G89;
				ENABLE_PREVIEWS = YES;
				GENERATE_INFOPLIST_FILE = YES;
				INFOPLIST_KEY_UIApplicationSceneManifest_Generation = YES;
				INFOPLIST_KEY_UIApplicationSupportsIndirectInputEvents = YES;
				INFOPLIST_KEY_UILaunchScreen_Generation = YES;
				INFOPLIST_KEY_UISupportedInterfaceOrientations_iPad = "UIInterfaceOrientationPortrait UIInterfaceOrientationPortraitUpsideDown UIInterfaceOrientationLandscapeLeft UIInterfaceOrientationLandscapeRight";
				INFOPLIST_KEY_UISupportedInterfaceOrientations_iPhone = "UIInterfaceOrientationPortrait UIInterfaceOrientationLandscapeLeft UIInterfaceOrientationLandscapeRight";
				LD_RUNPATH_SEARCH_PATHS = (
					"$(inherited)",
					"@executable_path/Frameworks",
				);
				MARKETING_VERSION = 1.0;
				PRODUCT_BUNDLE_IDENTIFIER = TeamKMS.KMScommunity;
				PRODUCT_NAME = "$(TARGET_NAME)";
				SWIFT_EMIT_LOC_STRINGS = YES;
				SWIFT_VERSION = 5.0;
				TARGETED_DEVICE_FAMILY = "1,2";
			};
			name = Release;
		};
/* End XCBuildConfiguration section */

/* Begin XCConfigurationList section */
		11873C50295DEF1F00AF96F3 /* Build configuration list for PBXProject "KMScommunity" */ = {
			isa = XCConfigurationList;
			buildConfigurations = (
				11873C61295DEF2100AF96F3 /* Debug */,
				11873C62295DEF2100AF96F3 /* Release */,
			);
			defaultConfigurationIsVisible = 0;
			defaultConfigurationName = Release;
		};
		11873C63295DEF2100AF96F3 /* Build configuration list for PBXNativeTarget "KMScommunity" */ = {
			isa = XCConfigurationList;
			buildConfigurations = (
				11873C64295DEF2100AF96F3 /* Debug */,
				11873C65295DEF2100AF96F3 /* Release */,
			);
			defaultConfigurationIsVisible = 0;
			defaultConfigurationName = Release;
		};
/* End XCConfigurationList section */
	};
	rootObject = 11873C4D295DEF1F00AF96F3 /* Project object */;
}
